
Microsoft Visual Studio Solution File, Format Version 12.00
# Visual Studio Version 16
VisualStudioVersion = 16.0.28407.52
MinimumVisualStudioVersion = 10.0.40219.1
Project("{9A19103F-16F7-4668-BE54-9A1E7A4F7556}") = "LeagueHttpApi", "LeagueHttpApi\LeagueHttpApi.csproj", "{ADE07582-4265-4394-9888-FEB14F76A198}"
EndProject
Project("{FAE04EC0-301F-11D3-BF4B-00C04F79EFBC}") = "LeagueFunctions", "LeagueFunctions\LeagueFunctions.csproj", "{FCFB987F-174C-4A42-BF2E-E4AC2CCC34F9}"
EndProject
Global
	GlobalSection(SolutionConfigurationPlatforms) = preSolution
		Debug|Any CPU = Debug|Any CPU
		Release|Any CPU = Release|Any CPU
	EndGlobalSection
	GlobalSection(ProjectConfigurationPlatforms) = postSolution
		{ADE07582-4265-4394-9888-FEB14F76A198}.Debug|Any CPU.ActiveCfg = Debug|Any CPU
		{ADE07582-4265-4394-9888-FEB14F76A198}.Debug|Any CPU.Build.0 = Debug|Any CPU
		{ADE07582-4265-4394-9888-FEB14F76A198}.Release|Any CPU.ActiveCfg = Release|Any CPU
		{ADE07582-4265-4394-9888-FEB14F76A198}.Release|Any CPU.Build.0 = Release|Any CPU
		{FCFB987F-174C-4A42-BF2E-E4AC2CCC34F9}.Debug|Any CPU.ActiveCfg = Debug|Any CPU
		{FCFB987F-174C-4A42-BF2E-E4AC2CCC34F9}.Debug|Any CPU.Build.0 = Debug|Any CPU
		{FCFB987F-174C-4A42-BF2E-E4AC2CCC34F9}.Release|Any CPU.ActiveCfg = Release|Any CPU
		{FCFB987F-174C-4A42-BF2E-E4AC2CCC34F9}.Release|Any CPU.Build.0 = Release|Any CPU
	EndGlobalSection
	GlobalSection(SolutionProperties) = preSolution
		HideSolutionNode = FALSE
	EndGlobalSection
	GlobalSection(ExtensibilityGlobals) = postSolution
		SolutionGuid = {D56DFA3D-B83F-40DE-B439-68CDC15451D3}
	EndGlobalSection
EndGlobal
